
Microsoft Visual Studio Solution File, Format Version 12.00
# Visual Studio 14
VisualStudioVersion = 14.0.25420.1
MinimumVisualStudioVersion = 10.0.40219.1
Project("{FAE04EC0-301F-11D3-BF4B-00C04F79EFBC}") = "ElementToElementBinding", "ElementToElementBinding\ElementToElementBinding.csproj", "{CBB85003-2024-4D01-89F7-9CEA5FCD8749}"
EndProject
Project("{FAE04EC0-301F-11D3-BF4B-00C04F79EFBC}") = "MultipleBinding", "MultipleBinding\MultipleBinding.csproj", "{2A057029-88ED-4AB7-805D-6451D46A7E2D}"
EndProject
Global
	GlobalSection(SolutionConfigurationPlatforms) = preSolution
		Debug|Any CPU = Debug|Any CPU
		Release|Any CPU = Release|Any CPU
	EndGlobalSection
	GlobalSection(ProjectConfigurationPlatforms) = postSolution
		{CBB85003-2024-4D01-89F7-9CEA5FCD8749}.Debug|Any CPU.ActiveCfg = Debug|Any CPU
		{CBB85003-2024-4D01-89F7-9CEA5FCD8749}.Debug|Any CPU.Build.0 = Debug|Any CPU
		{CBB85003-2024-4D01-89F7-9CEA5FCD8749}.Release|Any CPU.ActiveCfg = Release|Any CPU
		{CBB85003-2024-4D01-89F7-9CEA5FCD8749}.Release|Any CPU.Build.0 = Release|Any CPU
		{2A057029-88ED-4AB7-805D-6451D46A7E2D}.Debug|Any CPU.ActiveCfg = Debug|Any CPU
		{2A057029-88ED-4AB7-805D-6451D46A7E2D}.Debug|Any CPU.Build.0 = Debug|Any CPU
		{2A057029-88ED-4AB7-805D-6451D46A7E2D}.Release|Any CPU.ActiveCfg = Release|Any CPU
		{2A057029-88ED-4AB7-805D-6451D46A7E2D}.Release|Any CPU.Build.0 = Release|Any CPU
	EndGlobalSection
	GlobalSection(SolutionProperties) = preSolution
		HideSolutionNode = FALSE
	EndGlobalSection
EndGlobal
